
Microsoft Visual Studio Solution File, Format Version 12.00
# Visual Studio 15
VisualStudioVersion = 15.0.28307.1145
MinimumVisualStudioVersion = 10.0.40219.1
Project("{FAE04EC0-301F-11D3-BF4B-00C04F79EFBC}") = "BTD6 DLL Customizer", "BTD6 DLL Customizer\BTD6 DLL Customizer.csproj", "{2A6C5044-E52B-42A4-A9C4-52948424B66F}"
EndProject
Global
	GlobalSection(SolutionConfigurationPlatforms) = preSolution
		Debug|Any CPU = Debug|Any CPU
		Release|Any CPU = Release|Any CPU
	EndGlobalSection
	GlobalSection(ProjectConfigurationPlatforms) = postSolution
		{2A6C5044-E52B-42A4-A9C4-52948424B66F}.Debug|Any CPU.ActiveCfg = Debug|Any CPU
		{2A6C5044-E52B-42A4-A9C4-52948424B66F}.Debug|Any CPU.Build.0 = Debug|Any CPU
		{2A6C5044-E52B-42A4-A9C4-52948424B66F}.Release|Any CPU.ActiveCfg = Release|Any CPU
		{2A6C5044-E52B-42A4-A9C4-52948424B66F}.Release|Any CPU.Build.0 = Release|Any CPU
	EndGlobalSection
	GlobalSection(SolutionProperties) = preSolution
		HideSolutionNode = FALSE
	EndGlobalSection
	GlobalSection(ExtensibilityGlobals) = postSolution
		SolutionGuid = {CD93246E-65BE-4903-97E1-DF0AAF8AB848}
	EndGlobalSection
EndGlobal
